// !$*UTF8*$!
{
	archiveVersion = 1;
	classes = {
	};
	objectVersion = 56;
	objects = {

/* Begin PBXBuildFile section */
		611AA76A2B7D43E7005DAC3B /* UINavigationController+Extension.swift in Sources */ = {isa = PBXBuildFile; fileRef = 611AA7692B7D43E7005DAC3B /* UINavigationController+Extension.swift */; };
		611AA76C2B7D4663005DAC3B /* AddTodoViewController.swift in Sources */ = {isa = PBXBuildFile; fileRef = 611AA76B2B7D4663005DAC3B /* AddTodoViewController.swift */; };
		611AA76E2B7D4670005DAC3B /* AddView.swift in Sources */ = {isa = PBXBuildFile; fileRef = 611AA76D2B7D4670005DAC3B /* AddView.swift */; };
		611AA7702B7D49BA005DAC3B /* ColorStyle.swift in Sources */ = {isa = PBXBuildFile; fileRef = 611AA76F2B7D49BA005DAC3B /* ColorStyle.swift */; };
		611AA7732B7D4A30005DAC3B /* SnapKit in Frameworks */ = {isa = PBXBuildFile; productRef = 611AA7722B7D4A30005DAC3B /* SnapKit */; };
		611AA7782B7D4A91005DAC3B /* InfoTableViewCell.swift in Sources */ = {isa = PBXBuildFile; fileRef = 611AA7772B7D4A91005DAC3B /* InfoTableViewCell.swift */; };
		611AA77B2B7D4BFC005DAC3B /* ReuseProtocol.swift in Sources */ = {isa = PBXBuildFile; fileRef = 611AA77A2B7D4BFC005DAC3B /* ReuseProtocol.swift */; };
		611AA77D2B7D4D64005DAC3B /* MemoTableViewCell.swift in Sources */ = {isa = PBXBuildFile; fileRef = 611AA77C2B7D4D64005DAC3B /* MemoTableViewCell.swift */; };
		611AA7802B7D4E5F005DAC3B /* TableTextField.swift in Sources */ = {isa = PBXBuildFile; fileRef = 611AA77F2B7D4E5F005DAC3B /* TableTextField.swift */; };
		611AA7832B7D5433005DAC3B /* MemoViewController.swift in Sources */ = {isa = PBXBuildFile; fileRef = 611AA7822B7D5433005DAC3B /* MemoViewController.swift */; };
		611AA7852B7D5451005DAC3B /* MemoView.swift in Sources */ = {isa = PBXBuildFile; fileRef = 611AA7842B7D5451005DAC3B /* MemoView.swift */; };
		611AA7882B7D5B15005DAC3B /* DeadLineDateViewController.swift in Sources */ = {isa = PBXBuildFile; fileRef = 611AA7872B7D5B15005DAC3B /* DeadLineDateViewController.swift */; };
		611AA78A2B7D5B1D005DAC3B /* DeadLineDateView.swift in Sources */ = {isa = PBXBuildFile; fileRef = 611AA7892B7D5B1D005DAC3B /* DeadLineDateView.swift */; };
		611AA78D2B7D5F98005DAC3B /* TagViewController.swift in Sources */ = {isa = PBXBuildFile; fileRef = 611AA78C2B7D5F98005DAC3B /* TagViewController.swift */; };
		611AA78F2B7D5FD5005DAC3B /* DarkTextField.swift in Sources */ = {isa = PBXBuildFile; fileRef = 611AA78E2B7D5FD5005DAC3B /* DarkTextField.swift */; };
		611AA7922B7D6280005DAC3B /* PriorityViewController.swift in Sources */ = {isa = PBXBuildFile; fileRef = 611AA7912B7D6280005DAC3B /* PriorityViewController.swift */; };
		611AA7952B7D64F7005DAC3B /* AddImageViewController.swift in Sources */ = {isa = PBXBuildFile; fileRef = 611AA7942B7D64F7005DAC3B /* AddImageViewController.swift */; };
		611AA7972B7D67A5005DAC3B /* CategoryCollectionViewCell.swift in Sources */ = {isa = PBXBuildFile; fileRef = 611AA7962B7D67A5005DAC3B /* CategoryCollectionViewCell.swift */; };
		611AA7A22B7DECEB005DAC3B /* Realm in Frameworks */ = {isa = PBXBuildFile; productRef = 611AA7A12B7DECEB005DAC3B /* Realm */; };
		611AA7A42B7DECEB005DAC3B /* RealmSwift in Frameworks */ = {isa = PBXBuildFile; productRef = 611AA7A32B7DECEB005DAC3B /* RealmSwift */; };
		611AA7A72B7DED5E005DAC3B /* TodoModel.swift in Sources */ = {isa = PBXBuildFile; fileRef = 611AA7A62B7DED5E005DAC3B /* TodoModel.swift */; };
		611AA7AA2B7E0957005DAC3B /* TodoListViewController.swift in Sources */ = {isa = PBXBuildFile; fileRef = 611AA7A92B7E0957005DAC3B /* TodoListViewController.swift */; };
		611AA7AC2B7E0976005DAC3B /* TodoListView.swift in Sources */ = {isa = PBXBuildFile; fileRef = 611AA7AB2B7E0976005DAC3B /* TodoListView.swift */; };
		611AA7AE2B7E0B8A005DAC3B /* TodoTableViewCell.swift in Sources */ = {isa = PBXBuildFile; fileRef = 611AA7AD2B7E0B8A005DAC3B /* TodoTableViewCell.swift */; };
		611AA7B02B7E0C10005DAC3B /* UILabel+Extension.swift in Sources */ = {isa = PBXBuildFile; fileRef = 611AA7AF2B7E0C10005DAC3B /* UILabel+Extension.swift */; };
		611AA7BB2B8280A8005DAC3B /* TodoTableRepository.swift in Sources */ = {isa = PBXBuildFile; fileRef = 611AA7BA2B8280A8005DAC3B /* TodoTableRepository.swift */; };
		611AA7BE2B828E92005DAC3B /* Kind.swift in Sources */ = {isa = PBXBuildFile; fileRef = 611AA7BD2B828E92005DAC3B /* Kind.swift */; };
		611AA7C32B83BA50005DAC3B /* FileManager+Extention.swift in Sources */ = {isa = PBXBuildFile; fileRef = 611AA7C22B83BA50005DAC3B /* FileManager+Extention.swift */; };
		611AA7C52B83BDE8005DAC3B /* AddImageButton.swift in Sources */ = {isa = PBXBuildFile; fileRef = 611AA7C42B83BDE8005DAC3B /* AddImageButton.swift */; };
		611AA7C72B83C140005DAC3B /* SearchImageViewController.swift in Sources */ = {isa = PBXBuildFile; fileRef = 611AA7C62B83C140005DAC3B /* SearchImageViewController.swift */; };
		611AA7CA2B83C17A005DAC3B /* SearchImageView.swift in Sources */ = {isa = PBXBuildFile; fileRef = 611AA7C92B83C17A005DAC3B /* SearchImageView.swift */; };
		611AA7CD2B83C490005DAC3B /* Kingfisher in Frameworks */ = {isa = PBXBuildFile; productRef = 611AA7CC2B83C490005DAC3B /* Kingfisher */; };
		611AA7CF2B83C4A7005DAC3B /* NaverImageCollectionViewCell.swift in Sources */ = {isa = PBXBuildFile; fileRef = 611AA7CE2B83C4A7005DAC3B /* NaverImageCollectionViewCell.swift */; };
		611AA7D22B83C526005DAC3B /* NaverImageModel.swift in Sources */ = {isa = PBXBuildFile; fileRef = 611AA7D12B83C526005DAC3B /* NaverImageModel.swift */; };
		611AA7D52B83C58D005DAC3B /* NaverAPIManager.swift in Sources */ = {isa = PBXBuildFile; fileRef = 611AA7D42B83C58D005DAC3B /* NaverAPIManager.swift */; };
		611AA7D82B83C5A6005DAC3B /* Alamofire in Frameworks */ = {isa = PBXBuildFile; productRef = 611AA7D72B83C5A6005DAC3B /* Alamofire */; };
		611AA7DA2B83C5E6005DAC3B /* NaverAPI.swift in Sources */ = {isa = PBXBuildFile; fileRef = 611AA7D92B83C5E6005DAC3B /* NaverAPI.swift */; };
		611AA7DC2B83C600005DAC3B /* .gitignore in Resources */ = {isa = PBXBuildFile; fileRef = 611AA7DB2B83C600005DAC3B /* .gitignore */; };
		611AA7DE2B83C615005DAC3B /* APIKey.swift in Sources */ = {isa = PBXBuildFile; fileRef = 611AA7DD2B83C615005DAC3B /* APIKey.swift */; };
		611AA7E02B848FB6005DAC3B /* PreviousVC.swift in Sources */ = {isa = PBXBuildFile; fileRef = 611AA7DF2B848FB6005DAC3B /* PreviousVC.swift */; };
		611AA7E22B849DFD005DAC3B /* Filter.swift in Sources */ = {isa = PBXBuildFile; fileRef = 611AA7E12B849DFD005DAC3B /* Filter.swift */; };
		611AA7E42B849EED005DAC3B /* TodoInfo.swift in Sources */ = {isa = PBXBuildFile; fileRef = 611AA7E32B849EED005DAC3B /* TodoInfo.swift */; };
		611AA7E62B84C0B7005DAC3B /* Priority.swift in Sources */ = {isa = PBXBuildFile; fileRef = 611AA7E52B84C0B7005DAC3B /* Priority.swift */; };
		611AA7E92B84FF84005DAC3B /* AddListViewController.swift in Sources */ = {isa = PBXBuildFile; fileRef = 611AA7E82B84FF84005DAC3B /* AddListViewController.swift */; };
		611AA7EB2B84FF95005DAC3B /* AddListView.swift in Sources */ = {isa = PBXBuildFile; fileRef = 611AA7EA2B84FF95005DAC3B /* AddListView.swift */; };
		611AA7ED2B85077E005DAC3B /* ListTableRepository.swift in Sources */ = {isa = PBXBuildFile; fileRef = 611AA7EC2B85077E005DAC3B /* ListTableRepository.swift */; };
		614649132B7C704100DA894C /* AppDelegate.swift in Sources */ = {isa = PBXBuildFile; fileRef = 614649122B7C704100DA894C /* AppDelegate.swift */; };
		614649152B7C704100DA894C /* SceneDelegate.swift in Sources */ = {isa = PBXBuildFile; fileRef = 614649142B7C704100DA894C /* SceneDelegate.swift */; };
		6146491A2B7C704100DA894C /* Main.storyboard in Resources */ = {isa = PBXBuildFile; fileRef = 614649182B7C704100DA894C /* Main.storyboard */; };
		6146491C2B7C704300DA894C /* Assets.xcassets in Resources */ = {isa = PBXBuildFile; fileRef = 6146491B2B7C704300DA894C /* Assets.xcassets */; };
		6146491F2B7C704300DA894C /* LaunchScreen.storyboard in Resources */ = {isa = PBXBuildFile; fileRef = 6146491D2B7C704300DA894C /* LaunchScreen.storyboard */; };
		614649292B7C706400DA894C /* BaseViewController.swift in Sources */ = {isa = PBXBuildFile; fileRef = 614649282B7C706400DA894C /* BaseViewController.swift */; };
		614649692B7D39C500DA894C /* HomeViewController.swift in Sources */ = {isa = PBXBuildFile; fileRef = 614649682B7D39C500DA894C /* HomeViewController.swift */; };
		6146496B2B7D39E100DA894C /* HomeView.swift in Sources */ = {isa = PBXBuildFile; fileRef = 6146496A2B7D39E100DA894C /* HomeView.swift */; };
		6146496D2B7D39E700DA894C /* BaseView.swift in Sources */ = {isa = PBXBuildFile; fileRef = 6146496C2B7D39E700DA894C /* BaseView.swift */; };
		614649702B7D3B3800DA894C /* ImageStyle.swift in Sources */ = {isa = PBXBuildFile; fileRef = 6146496F2B7D3B3800DA894C /* ImageStyle.swift */; };
/* End PBXBuildFile section */

/* Begin PBXFileReference section */
		611AA7692B7D43E7005DAC3B /* UINavigationController+Extension.swift */ = {isa = PBXFileReference; lastKnownFileType = sourcecode.swift; path = "UINavigationController+Extension.swift"; sourceTree = "<group>"; };
		611AA76B2B7D4663005DAC3B /* AddTodoViewController.swift */ = {isa = PBXFileReference; lastKnownFileType = sourcecode.swift; path = AddTodoViewController.swift; sourceTree = "<group>"; };
		611AA76D2B7D4670005DAC3B /* AddView.swift */ = {isa = PBXFileReference; lastKnownFileType = sourcecode.swift; path = AddView.swift; sourceTree = "<group>"; };
		611AA76F2B7D49BA005DAC3B /* ColorStyle.swift */ = {isa = PBXFileReference; lastKnownFileType = sourcecode.swift; path = ColorStyle.swift; sourceTree = "<group>"; };
		611AA7772B7D4A91005DAC3B /* InfoTableViewCell.swift */ = {isa = PBXFileReference; lastKnownFileType = sourcecode.swift; path = InfoTableViewCell.swift; sourceTree = "<group>"; };
		611AA77A2B7D4BFC005DAC3B /* ReuseProtocol.swift */ = {isa = PBXFileReference; lastKnownFileType = sourcecode.swift; path = ReuseProtocol.swift; sourceTree = "<group>"; };
		611AA77C2B7D4D64005DAC3B /* MemoTableViewCell.swift */ = {isa = PBXFileReference; lastKnownFileType = sourcecode.swift; path = MemoTableViewCell.swift; sourceTree = "<group>"; };
		611AA77F2B7D4E5F005DAC3B /* TableTextField.swift */ = {isa = PBXFileReference; lastKnownFileType = sourcecode.swift; path = TableTextField.swift; sourceTree = "<group>"; };
		611AA7822B7D5433005DAC3B /* MemoViewController.swift */ = {isa = PBXFileReference; lastKnownFileType = sourcecode.swift; path = MemoViewController.swift; sourceTree = "<group>"; };
		611AA7842B7D5451005DAC3B /* MemoView.swift */ = {isa = PBXFileReference; lastKnownFileType = sourcecode.swift; path = MemoView.swift; sourceTree = "<group>"; };
		611AA7872B7D5B15005DAC3B /* DeadLineDateViewController.swift */ = {isa = PBXFileReference; lastKnownFileType = sourcecode.swift; path = DeadLineDateViewController.swift; sourceTree = "<group>"; };
		611AA7892B7D5B1D005DAC3B /* DeadLineDateView.swift */ = {isa = PBXFileReference; lastKnownFileType = sourcecode.swift; path = DeadLineDateView.swift; sourceTree = "<group>"; };
		611AA78C2B7D5F98005DAC3B /* TagViewController.swift */ = {isa = PBXFileReference; lastKnownFileType = sourcecode.swift; path = TagViewController.swift; sourceTree = "<group>"; };
		611AA78E2B7D5FD5005DAC3B /* DarkTextField.swift */ = {isa = PBXFileReference; lastKnownFileType = sourcecode.swift; path = DarkTextField.swift; sourceTree = "<group>"; };
		611AA7912B7D6280005DAC3B /* PriorityViewController.swift */ = {isa = PBXFileReference; lastKnownFileType = sourcecode.swift; path = PriorityViewController.swift; sourceTree = "<group>"; };
		611AA7942B7D64F7005DAC3B /* AddImageViewController.swift */ = {isa = PBXFileReference; lastKnownFileType = sourcecode.swift; path = AddImageViewController.swift; sourceTree = "<group>"; };
		611AA7962B7D67A5005DAC3B /* CategoryCollectionViewCell.swift */ = {isa = PBXFileReference; lastKnownFileType = sourcecode.swift; path = CategoryCollectionViewCell.swift; sourceTree = "<group>"; };
		611AA7A62B7DED5E005DAC3B /* TodoModel.swift */ = {isa = PBXFileReference; lastKnownFileType = sourcecode.swift; path = TodoModel.swift; sourceTree = "<group>"; };
		611AA7A92B7E0957005DAC3B /* TodoListViewController.swift */ = {isa = PBXFileReference; lastKnownFileType = sourcecode.swift; path = TodoListViewController.swift; sourceTree = "<group>"; };
		611AA7AB2B7E0976005DAC3B /* TodoListView.swift */ = {isa = PBXFileReference; lastKnownFileType = sourcecode.swift; path = TodoListView.swift; sourceTree = "<group>"; };
		611AA7AD2B7E0B8A005DAC3B /* TodoTableViewCell.swift */ = {isa = PBXFileReference; lastKnownFileType = sourcecode.swift; path = TodoTableViewCell.swift; sourceTree = "<group>"; };
		611AA7AF2B7E0C10005DAC3B /* UILabel+Extension.swift */ = {isa = PBXFileReference; lastKnownFileType = sourcecode.swift; path = "UILabel+Extension.swift"; sourceTree = "<group>"; };
		611AA7BA2B8280A8005DAC3B /* TodoTableRepository.swift */ = {isa = PBXFileReference; lastKnownFileType = sourcecode.swift; path = TodoTableRepository.swift; sourceTree = "<group>"; };
		611AA7BD2B828E92005DAC3B /* Kind.swift */ = {isa = PBXFileReference; lastKnownFileType = sourcecode.swift; path = Kind.swift; sourceTree = "<group>"; };
		611AA7C22B83BA50005DAC3B /* FileManager+Extention.swift */ = {isa = PBXFileReference; lastKnownFileType = sourcecode.swift; path = "FileManager+Extention.swift"; sourceTree = "<group>"; };
		611AA7C42B83BDE8005DAC3B /* AddImageButton.swift */ = {isa = PBXFileReference; lastKnownFileType = sourcecode.swift; path = AddImageButton.swift; sourceTree = "<group>"; };
		611AA7C62B83C140005DAC3B /* SearchImageViewController.swift */ = {isa = PBXFileReference; lastKnownFileType = sourcecode.swift; path = SearchImageViewController.swift; sourceTree = "<group>"; };
		611AA7C92B83C17A005DAC3B /* SearchImageView.swift */ = {isa = PBXFileReference; lastKnownFileType = sourcecode.swift; path = SearchImageView.swift; sourceTree = "<group>"; };
		611AA7CE2B83C4A7005DAC3B /* NaverImageCollectionViewCell.swift */ = {isa = PBXFileReference; lastKnownFileType = sourcecode.swift; path = NaverImageCollectionViewCell.swift; sourceTree = "<group>"; };
		611AA7D12B83C526005DAC3B /* NaverImageModel.swift */ = {isa = PBXFileReference; lastKnownFileType = sourcecode.swift; path = NaverImageModel.swift; sourceTree = "<group>"; };
		611AA7D42B83C58D005DAC3B /* NaverAPIManager.swift */ = {isa = PBXFileReference; lastKnownFileType = sourcecode.swift; path = NaverAPIManager.swift; sourceTree = "<group>"; };
		611AA7D92B83C5E6005DAC3B /* NaverAPI.swift */ = {isa = PBXFileReference; lastKnownFileType = sourcecode.swift; path = NaverAPI.swift; sourceTree = "<group>"; };
		611AA7DB2B83C600005DAC3B /* .gitignore */ = {isa = PBXFileReference; lastKnownFileType = text; path = .gitignore; sourceTree = "<group>"; };
		611AA7DD2B83C615005DAC3B /* APIKey.swift */ = {isa = PBXFileReference; lastKnownFileType = sourcecode.swift; path = APIKey.swift; sourceTree = "<group>"; };
		611AA7DF2B848FB6005DAC3B /* PreviousVC.swift */ = {isa = PBXFileReference; lastKnownFileType = sourcecode.swift; path = PreviousVC.swift; sourceTree = "<group>"; };
		611AA7E12B849DFD005DAC3B /* Filter.swift */ = {isa = PBXFileReference; lastKnownFileType = sourcecode.swift; path = Filter.swift; sourceTree = "<group>"; };
		611AA7E32B849EED005DAC3B /* TodoInfo.swift */ = {isa = PBXFileReference; lastKnownFileType = sourcecode.swift; path = TodoInfo.swift; sourceTree = "<group>"; };
		611AA7E52B84C0B7005DAC3B /* Priority.swift */ = {isa = PBXFileReference; lastKnownFileType = sourcecode.swift; path = Priority.swift; sourceTree = "<group>"; };
		611AA7E82B84FF84005DAC3B /* AddListViewController.swift */ = {isa = PBXFileReference; lastKnownFileType = sourcecode.swift; path = AddListViewController.swift; sourceTree = "<group>"; };
		611AA7EA2B84FF95005DAC3B /* AddListView.swift */ = {isa = PBXFileReference; lastKnownFileType = sourcecode.swift; path = AddListView.swift; sourceTree = "<group>"; };
		611AA7EC2B85077E005DAC3B /* ListTableRepository.swift */ = {isa = PBXFileReference; lastKnownFileType = sourcecode.swift; path = ListTableRepository.swift; sourceTree = "<group>"; };
		6146490F2B7C704100DA894C /* IphoneReminder.app */ = {isa = PBXFileReference; explicitFileType = wrapper.application; includeInIndex = 0; path = IphoneReminder.app; sourceTree = BUILT_PRODUCTS_DIR; };
		614649122B7C704100DA894C /* AppDelegate.swift */ = {isa = PBXFileReference; lastKnownFileType = sourcecode.swift; path = AppDelegate.swift; sourceTree = "<group>"; };
		614649142B7C704100DA894C /* SceneDelegate.swift */ = {isa = PBXFileReference; lastKnownFileType = sourcecode.swift; path = SceneDelegate.swift; sourceTree = "<group>"; };
		614649192B7C704100DA894C /* Base */ = {isa = PBXFileReference; lastKnownFileType = file.storyboard; name = Base; path = Base.lproj/Main.storyboard; sourceTree = "<group>"; };
		6146491B2B7C704300DA894C /* Assets.xcassets */ = {isa = PBXFileReference; lastKnownFileType = folder.assetcatalog; path = Assets.xcassets; sourceTree = "<group>"; };
		6146491E2B7C704300DA894C /* Base */ = {isa = PBXFileReference; lastKnownFileType = file.storyboard; name = Base; path = Base.lproj/LaunchScreen.storyboard; sourceTree = "<group>"; };
		614649202B7C704300DA894C /* Info.plist */ = {isa = PBXFileReference; lastKnownFileType = text.plist.xml; path = Info.plist; sourceTree = "<group>"; };
		614649282B7C706400DA894C /* BaseViewController.swift */ = {isa = PBXFileReference; lastKnownFileType = sourcecode.swift; path = BaseViewController.swift; sourceTree = "<group>"; };
		614649682B7D39C500DA894C /* HomeViewController.swift */ = {isa = PBXFileReference; lastKnownFileType = sourcecode.swift; path = HomeViewController.swift; sourceTree = "<group>"; };
		6146496A2B7D39E100DA894C /* HomeView.swift */ = {isa = PBXFileReference; lastKnownFileType = sourcecode.swift; path = HomeView.swift; sourceTree = "<group>"; };
		6146496C2B7D39E700DA894C /* BaseView.swift */ = {isa = PBXFileReference; lastKnownFileType = sourcecode.swift; path = BaseView.swift; sourceTree = "<group>"; };
		6146496F2B7D3B3800DA894C /* ImageStyle.swift */ = {isa = PBXFileReference; lastKnownFileType = sourcecode.swift; path = ImageStyle.swift; sourceTree = "<group>"; };
/* End PBXFileReference section */

/* Begin PBXFrameworksBuildPhase section */
		6146490C2B7C704100DA894C /* Frameworks */ = {
			isa = PBXFrameworksBuildPhase;
			buildActionMask = 2147483647;
			files = (
				611AA7D82B83C5A6005DAC3B /* Alamofire in Frameworks */,
				611AA7CD2B83C490005DAC3B /* Kingfisher in Frameworks */,
				611AA7A42B7DECEB005DAC3B /* RealmSwift in Frameworks */,
				611AA7A22B7DECEB005DAC3B /* Realm in Frameworks */,
				611AA7732B7D4A30005DAC3B /* SnapKit in Frameworks */,
			);
			runOnlyForDeploymentPostprocessing = 0;
		};
/* End PBXFrameworksBuildPhase section */

/* Begin PBXGroup section */
		611AA7672B7D421F005DAC3B /* Add */ = {
			isa = PBXGroup;
			children = (
				611AA7932B7D64EF005DAC3B /* Image */,
				611AA7902B7D6274005DAC3B /* Priority */,
				611AA78B2B7D5F8D005DAC3B /* Tag */,
				611AA7862B7D5AE5005DAC3B /* DeadLineDate */,
				611AA7812B7D53BA005DAC3B /* Memo */,
				611AA76B2B7D4663005DAC3B /* AddTodoViewController.swift */,
				611AA76D2B7D4670005DAC3B /* AddView.swift */,
			);
			path = Add;
			sourceTree = "<group>";
		};
		611AA7682B7D43D4005DAC3B /* Extension */ = {
			isa = PBXGroup;
			children = (
				611AA7692B7D43E7005DAC3B /* UINavigationController+Extension.swift */,
				611AA7AF2B7E0C10005DAC3B /* UILabel+Extension.swift */,
				611AA7C22B83BA50005DAC3B /* FileManager+Extention.swift */,
			);
			path = Extension;
			sourceTree = "<group>";
		};
		611AA7742B7D4A60005DAC3B /* Cell */ = {
			isa = PBXGroup;
			children = (
				611AA7772B7D4A91005DAC3B /* InfoTableViewCell.swift */,
				611AA77C2B7D4D64005DAC3B /* MemoTableViewCell.swift */,
				611AA7962B7D67A5005DAC3B /* CategoryCollectionViewCell.swift */,
				611AA7AD2B7E0B8A005DAC3B /* TodoTableViewCell.swift */,
				611AA7CE2B83C4A7005DAC3B /* NaverImageCollectionViewCell.swift */,
			);
			path = Cell;
			sourceTree = "<group>";
		};
		611AA7792B7D4BF2005DAC3B /* Protocol */ = {
			isa = PBXGroup;
			children = (
				611AA77A2B7D4BFC005DAC3B /* ReuseProtocol.swift */,
			);
			path = Protocol;
			sourceTree = "<group>";
		};
		611AA77E2B7D4E4F005DAC3B /* Component */ = {
			isa = PBXGroup;
			children = (
				611AA77F2B7D4E5F005DAC3B /* TableTextField.swift */,
				611AA78E2B7D5FD5005DAC3B /* DarkTextField.swift */,
				611AA7C42B83BDE8005DAC3B /* AddImageButton.swift */,
			);
			path = Component;
			sourceTree = "<group>";
		};
		611AA7812B7D53BA005DAC3B /* Memo */ = {
			isa = PBXGroup;
			children = (
				611AA7822B7D5433005DAC3B /* MemoViewController.swift */,
				611AA7842B7D5451005DAC3B /* MemoView.swift */,
			);
			path = Memo;
			sourceTree = "<group>";
		};
		611AA7862B7D5AE5005DAC3B /* DeadLineDate */ = {
			isa = PBXGroup;
			children = (
				611AA7872B7D5B15005DAC3B /* DeadLineDateViewController.swift */,
				611AA7892B7D5B1D005DAC3B /* DeadLineDateView.swift */,
			);
			path = DeadLineDate;
			sourceTree = "<group>";
		};
		611AA78B2B7D5F8D005DAC3B /* Tag */ = {
			isa = PBXGroup;
			children = (
				611AA78C2B7D5F98005DAC3B /* TagViewController.swift */,
			);
			path = Tag;
			sourceTree = "<group>";
		};
		611AA7902B7D6274005DAC3B /* Priority */ = {
			isa = PBXGroup;
			children = (
				611AA7912B7D6280005DAC3B /* PriorityViewController.swift */,
			);
			path = Priority;
			sourceTree = "<group>";
		};
		611AA7932B7D64EF005DAC3B /* Image */ = {
			isa = PBXGroup;
			children = (
				611AA7C82B83C155005DAC3B /* Search */,
				611AA7942B7D64F7005DAC3B /* AddImageViewController.swift */,
			);
			path = Image;
			sourceTree = "<group>";
		};
		611AA7A52B7DED46005DAC3B /* Realm */ = {
			isa = PBXGroup;
			children = (
				611AA7A62B7DED5E005DAC3B /* TodoModel.swift */,
				611AA7BA2B8280A8005DAC3B /* TodoTableRepository.swift */,
				611AA7EC2B85077E005DAC3B /* ListTableRepository.swift */,
			);
			path = Realm;
			sourceTree = "<group>";
		};
		611AA7A82B7E094A005DAC3B /* TodoList */ = {
			isa = PBXGroup;
			children = (
				611AA7A92B7E0957005DAC3B /* TodoListViewController.swift */,
				611AA7AB2B7E0976005DAC3B /* TodoListView.swift */,
			);
			path = TodoList;
			sourceTree = "<group>";
		};
		611AA7BC2B828E8B005DAC3B /* Enum */ = {
			isa = PBXGroup;
			children = (
				611AA7BD2B828E92005DAC3B /* Kind.swift */,
				611AA7DF2B848FB6005DAC3B /* PreviousVC.swift */,
				611AA7E12B849DFD005DAC3B /* Filter.swift */,
				611AA7E32B849EED005DAC3B /* TodoInfo.swift */,
				611AA7E52B84C0B7005DAC3B /* Priority.swift */,
			);
			path = Enum;
			sourceTree = "<group>";
		};
		611AA7C82B83C155005DAC3B /* Search */ = {
			isa = PBXGroup;
			children = (
				611AA7C62B83C140005DAC3B /* SearchImageViewController.swift */,
				611AA7C92B83C17A005DAC3B /* SearchImageView.swift */,
			);
			path = Search;
			sourceTree = "<group>";
		};
		611AA7D02B83C517005DAC3B /* Model */ = {
			isa = PBXGroup;
			children = (
				611AA7D12B83C526005DAC3B /* NaverImageModel.swift */,
			);
			path = Model;
			sourceTree = "<group>";
		};
		611AA7D32B83C57E005DAC3B /* Network */ = {
			isa = PBXGroup;
			children = (
				611AA7D42B83C58D005DAC3B /* NaverAPIManager.swift */,
				611AA7D92B83C5E6005DAC3B /* NaverAPI.swift */,
			);
			path = Network;
			sourceTree = "<group>";
		};
		611AA7E72B84FDCD005DAC3B /* AddList */ = {
			isa = PBXGroup;
			children = (
				611AA7E82B84FF84005DAC3B /* AddListViewController.swift */,
				611AA7EA2B84FF95005DAC3B /* AddListView.swift */,
			);
			path = AddList;
			sourceTree = "<group>";
		};
		614649062B7C704100DA894C = {
			isa = PBXGroup;
			children = (
				611AA7DB2B83C600005DAC3B /* .gitignore */,
				614649112B7C704100DA894C /* IphoneReminder */,
				614649102B7C704100DA894C /* Products */,
			);
			sourceTree = "<group>";
		};
		614649102B7C704100DA894C /* Products */ = {
			isa = PBXGroup;
			children = (
				6146490F2B7C704100DA894C /* IphoneReminder.app */,
			);
			name = Products;
			sourceTree = "<group>";
		};
		614649112B7C704100DA894C /* IphoneReminder */ = {
			isa = PBXGroup;
			children = (
				611AA7BC2B828E8B005DAC3B /* Enum */,
				611AA7A52B7DED46005DAC3B /* Realm */,
				611AA77E2B7D4E4F005DAC3B /* Component */,
				611AA7792B7D4BF2005DAC3B /* Protocol */,
				611AA7682B7D43D4005DAC3B /* Extension */,
				6146496E2B7D3B2C00DA894C /* Constant */,
				614649272B7C705100DA894C /* Base */,
				614649262B7C704B00DA894C /* Controllers */,
				611AA7D32B83C57E005DAC3B /* Network */,
				611AA7D02B83C517005DAC3B /* Model */,
				611AA7742B7D4A60005DAC3B /* Cell */,
				614649122B7C704100DA894C /* AppDelegate.swift */,
				614649142B7C704100DA894C /* SceneDelegate.swift */,
				614649182B7C704100DA894C /* Main.storyboard */,
				6146491B2B7C704300DA894C /* Assets.xcassets */,
				6146491D2B7C704300DA894C /* LaunchScreen.storyboard */,
				614649202B7C704300DA894C /* Info.plist */,
				611AA7DD2B83C615005DAC3B /* APIKey.swift */,
			);
			path = IphoneReminder;
			sourceTree = "<group>";
		};
		614649262B7C704B00DA894C /* Controllers */ = {
			isa = PBXGroup;
			children = (
				611AA7E72B84FDCD005DAC3B /* AddList */,
				611AA7672B7D421F005DAC3B /* Add */,
				611AA7A82B7E094A005DAC3B /* TodoList */,
				614649672B7D39BC00DA894C /* Home */,
			);
			path = Controllers;
			sourceTree = "<group>";
		};
		614649272B7C705100DA894C /* Base */ = {
			isa = PBXGroup;
			children = (
				614649282B7C706400DA894C /* BaseViewController.swift */,
				6146496C2B7D39E700DA894C /* BaseView.swift */,
			);
			path = Base;
			sourceTree = "<group>";
		};
		614649672B7D39BC00DA894C /* Home */ = {
			isa = PBXGroup;
			children = (
				614649682B7D39C500DA894C /* HomeViewController.swift */,
				6146496A2B7D39E100DA894C /* HomeView.swift */,
			);
			path = Home;
			sourceTree = "<group>";
		};
		6146496E2B7D3B2C00DA894C /* Constant */ = {
			isa = PBXGroup;
			children = (
				6146496F2B7D3B3800DA894C /* ImageStyle.swift */,
				611AA76F2B7D49BA005DAC3B /* ColorStyle.swift */,
			);
			path = Constant;
			sourceTree = "<group>";
		};
/* End PBXGroup section */

/* Begin PBXNativeTarget section */
		6146490E2B7C704100DA894C /* IphoneReminder */ = {
			isa = PBXNativeTarget;
			buildConfigurationList = 614649232B7C704300DA894C /* Build configuration list for PBXNativeTarget "IphoneReminder" */;
			buildPhases = (
				6146490B2B7C704100DA894C /* Sources */,
				6146490C2B7C704100DA894C /* Frameworks */,
				6146490D2B7C704100DA894C /* Resources */,
			);
			buildRules = (
			);
			dependencies = (
			);
			name = IphoneReminder;
			packageProductDependencies = (
				611AA7722B7D4A30005DAC3B /* SnapKit */,
				611AA7A12B7DECEB005DAC3B /* Realm */,
				611AA7A32B7DECEB005DAC3B /* RealmSwift */,
				611AA7CC2B83C490005DAC3B /* Kingfisher */,
				611AA7D72B83C5A6005DAC3B /* Alamofire */,
			);
			productName = IphoneReminder;
			productReference = 6146490F2B7C704100DA894C /* IphoneReminder.app */;
			productType = "com.apple.product-type.application";
		};
/* End PBXNativeTarget section */

/* Begin PBXProject section */
		614649072B7C704100DA894C /* Project object */ = {
			isa = PBXProject;
			attributes = {
				BuildIndependentTargetsInParallel = 1;
				LastSwiftUpdateCheck = 1510;
				LastUpgradeCheck = 1510;
				TargetAttributes = {
					6146490E2B7C704100DA894C = {
						CreatedOnToolsVersion = 15.1;
					};
				};
			};
			buildConfigurationList = 6146490A2B7C704100DA894C /* Build configuration list for PBXProject "IphoneReminder" */;
			compatibilityVersion = "Xcode 14.0";
			developmentRegion = en;
			hasScannedForEncodings = 0;
			knownRegions = (
				en,
				Base,
			);
			mainGroup = 614649062B7C704100DA894C;
			packageReferences = (
				611AA7712B7D4A30005DAC3B /* XCRemoteSwiftPackageReference "SnapKit" */,
				611AA7A02B7DECEB005DAC3B /* XCRemoteSwiftPackageReference "realm-swift" */,
				611AA7CB2B83C490005DAC3B /* XCRemoteSwiftPackageReference "Kingfisher" */,
				611AA7D62B83C5A6005DAC3B /* XCRemoteSwiftPackageReference "Alamofire" */,
			);
			productRefGroup = 614649102B7C704100DA894C /* Products */;
			projectDirPath = "";
			projectRoot = "";
			targets = (
				6146490E2B7C704100DA894C /* IphoneReminder */,
			);
		};
/* End PBXProject section */

/* Begin PBXResourcesBuildPhase section */
		6146490D2B7C704100DA894C /* Resources */ = {
			isa = PBXResourcesBuildPhase;
			buildActionMask = 2147483647;
			files = (
				611AA7DC2B83C600005DAC3B /* .gitignore in Resources */,
				6146491F2B7C704300DA894C /* LaunchScreen.storyboard in Resources */,
				6146491C2B7C704300DA894C /* Assets.xcassets in Resources */,
				6146491A2B7C704100DA894C /* Main.storyboard in Resources */,
			);
			runOnlyForDeploymentPostprocessing = 0;
		};
/* End PBXResourcesBuildPhase section */

/* Begin PBXSourcesBuildPhase section */
		6146490B2B7C704100DA894C /* Sources */ = {
			isa = PBXSourcesBuildPhase;
			buildActionMask = 2147483647;
			files = (
				611AA7CA2B83C17A005DAC3B /* SearchImageView.swift in Sources */,
				611AA7922B7D6280005DAC3B /* PriorityViewController.swift in Sources */,
				611AA7832B7D5433005DAC3B /* MemoViewController.swift in Sources */,
				611AA7802B7D4E5F005DAC3B /* TableTextField.swift in Sources */,
				611AA7E02B848FB6005DAC3B /* PreviousVC.swift in Sources */,
				611AA7AA2B7E0957005DAC3B /* TodoListViewController.swift in Sources */,
				611AA7E92B84FF84005DAC3B /* AddListViewController.swift in Sources */,
				614649692B7D39C500DA894C /* HomeViewController.swift in Sources */,
				611AA7E62B84C0B7005DAC3B /* Priority.swift in Sources */,
				611AA7E22B849DFD005DAC3B /* Filter.swift in Sources */,
				611AA78F2B7D5FD5005DAC3B /* DarkTextField.swift in Sources */,
				611AA7D52B83C58D005DAC3B /* NaverAPIManager.swift in Sources */,
				611AA7B02B7E0C10005DAC3B /* UILabel+Extension.swift in Sources */,
				611AA7BB2B8280A8005DAC3B /* TodoTableRepository.swift in Sources */,
				614649292B7C706400DA894C /* BaseViewController.swift in Sources */,
				611AA7AE2B7E0B8A005DAC3B /* TodoTableViewCell.swift in Sources */,
				611AA7ED2B85077E005DAC3B /* ListTableRepository.swift in Sources */,
				611AA76E2B7D4670005DAC3B /* AddView.swift in Sources */,
				611AA77D2B7D4D64005DAC3B /* MemoTableViewCell.swift in Sources */,
				611AA7AC2B7E0976005DAC3B /* TodoListView.swift in Sources */,
				611AA7702B7D49BA005DAC3B /* ColorStyle.swift in Sources */,
				611AA7CF2B83C4A7005DAC3B /* NaverImageCollectionViewCell.swift in Sources */,
				611AA7E42B849EED005DAC3B /* TodoInfo.swift in Sources */,
				6146496B2B7D39E100DA894C /* HomeView.swift in Sources */,
				611AA76A2B7D43E7005DAC3B /* UINavigationController+Extension.swift in Sources */,
				611AA7852B7D5451005DAC3B /* MemoView.swift in Sources */,
				611AA7882B7D5B15005DAC3B /* DeadLineDateViewController.swift in Sources */,
				611AA7DA2B83C5E6005DAC3B /* NaverAPI.swift in Sources */,
				611AA7BE2B828E92005DAC3B /* Kind.swift in Sources */,
				611AA7A72B7DED5E005DAC3B /* TodoModel.swift in Sources */,
				611AA76C2B7D4663005DAC3B /* AddTodoViewController.swift in Sources */,
				6146496D2B7D39E700DA894C /* BaseView.swift in Sources */,
				614649132B7C704100DA894C /* AppDelegate.swift in Sources */,
				611AA7EB2B84FF95005DAC3B /* AddListView.swift in Sources */,
				611AA7972B7D67A5005DAC3B /* CategoryCollectionViewCell.swift in Sources */,
				611AA7C72B83C140005DAC3B /* SearchImageViewController.swift in Sources */,
				611AA7782B7D4A91005DAC3B /* InfoTableViewCell.swift in Sources */,
				611AA7C52B83BDE8005DAC3B /* AddImageButton.swift in Sources */,
				611AA77B2B7D4BFC005DAC3B /* ReuseProtocol.swift in Sources */,
				611AA7C32B83BA50005DAC3B /* FileManager+Extention.swift in Sources */,
				611AA7D22B83C526005DAC3B /* NaverImageModel.swift in Sources */,
				611AA7DE2B83C615005DAC3B /* APIKey.swift in Sources */,
				614649152B7C704100DA894C /* SceneDelegate.swift in Sources */,
				611AA78D2B7D5F98005DAC3B /* TagViewController.swift in Sources */,
				611AA78A2B7D5B1D005DAC3B /* DeadLineDateView.swift in Sources */,
				611AA7952B7D64F7005DAC3B /* AddImageViewController.swift in Sources */,
				614649702B7D3B3800DA894C /* ImageStyle.swift in Sources */,
			);
			runOnlyForDeploymentPostprocessing = 0;
		};
/* End PBXSourcesBuildPhase section */

/* Begin PBXVariantGroup section */
		614649182B7C704100DA894C /* Main.storyboard */ = {
			isa = PBXVariantGroup;
			children = (
				614649192B7C704100DA894C /* Base */,
			);
			name = Main.storyboard;
			sourceTree = "<group>";
		};
		6146491D2B7C704300DA894C /* LaunchScreen.storyboard */ = {
			isa = PBXVariantGroup;
			children = (
				6146491E2B7C704300DA894C /* Base */,
			);
			name = LaunchScreen.storyboard;
			sourceTree = "<group>";
		};
/* End PBXVariantGroup section */

/* Begin XCBuildConfiguration section */
		614649212B7C704300DA894C /* Debug */ = {
			isa = XCBuildConfiguration;
			buildSettings = {
				ALWAYS_SEARCH_USER_PATHS = NO;
				ASSETCATALOG_COMPILER_GENERATE_SWIFT_ASSET_SYMBOL_EXTENSIONS = YES;
				CLANG_ANALYZER_NONNULL = YES;
				CLANG_ANALYZER_NUMBER_OBJECT_CONVERSION = YES_AGGRESSIVE;
				CLANG_CXX_LANGUAGE_STANDARD = "gnu++20";
				CLANG_ENABLE_MODULES = YES;
				CLANG_ENABLE_OBJC_ARC = YES;
				CLANG_ENABLE_OBJC_WEAK = YES;
				CLANG_WARN_BLOCK_CAPTURE_AUTORELEASING = YES;
				CLANG_WARN_BOOL_CONVERSION = YES;
				CLANG_WARN_COMMA = YES;
				CLANG_WARN_CONSTANT_CONVERSION = YES;
				CLANG_WARN_DEPRECATED_OBJC_IMPLEMENTATIONS = YES;
				CLANG_WARN_DIRECT_OBJC_ISA_USAGE = YES_ERROR;
				CLANG_WARN_DOCUMENTATION_COMMENTS = YES;
				CLANG_WARN_EMPTY_BODY = YES;
				CLANG_WARN_ENUM_CONVERSION = YES;
				CLANG_WARN_INFINITE_RECURSION = YES;
				CLANG_WARN_INT_CONVERSION = YES;
				CLANG_WARN_NON_LITERAL_NULL_CONVERSION = YES;
				CLANG_WARN_OBJC_IMPLICIT_RETAIN_SELF = YES;
				CLANG_WARN_OBJC_LITERAL_CONVERSION = YES;
				CLANG_WARN_OBJC_ROOT_CLASS = YES_ERROR;
				CLANG_WARN_QUOTED_INCLUDE_IN_FRAMEWORK_HEADER = YES;
				CLANG_WARN_RANGE_LOOP_ANALYSIS = YES;
				CLANG_WARN_STRICT_PROTOTYPES = YES;
				CLANG_WARN_SUSPICIOUS_MOVE = YES;
				CLANG_WARN_UNGUARDED_AVAILABILITY = YES_AGGRESSIVE;
				CLANG_WARN_UNREACHABLE_CODE = YES;
				CLANG_WARN__DUPLICATE_METHOD_MATCH = YES;
				COPY_PHASE_STRIP = NO;
				DEBUG_INFORMATION_FORMAT = dwarf;
				ENABLE_STRICT_OBJC_MSGSEND = YES;
				ENABLE_TESTABILITY = YES;
				ENABLE_USER_SCRIPT_SANDBOXING = YES;
				GCC_C_LANGUAGE_STANDARD = gnu17;
				GCC_DYNAMIC_NO_PIC = NO;
				GCC_NO_COMMON_BLOCKS = YES;
				GCC_OPTIMIZATION_LEVEL = 0;
				GCC_PREPROCESSOR_DEFINITIONS = (
					"DEBUG=1",
					"$(inherited)",
				);
				GCC_WARN_64_TO_32_BIT_CONVERSION = YES;
				GCC_WARN_ABOUT_RETURN_TYPE = YES_ERROR;
				GCC_WARN_UNDECLARED_SELECTOR = YES;
				GCC_WARN_UNINITIALIZED_AUTOS = YES_AGGRESSIVE;
				GCC_WARN_UNUSED_FUNCTION = YES;
				GCC_WARN_UNUSED_VARIABLE = YES;
				IPHONEOS_DEPLOYMENT_TARGET = 17.2;
				LOCALIZATION_PREFERS_STRING_CATALOGS = YES;
				MTL_ENABLE_DEBUG_INFO = INCLUDE_SOURCE;
				MTL_FAST_MATH = YES;
				ONLY_ACTIVE_ARCH = YES;
				SDKROOT = iphoneos;
				SWIFT_ACTIVE_COMPILATION_CONDITIONS = "DEBUG $(inherited)";
				SWIFT_OPTIMIZATION_LEVEL = "-Onone";
			};
			name = Debug;
		};
		614649222B7C704300DA894C /* Release */ = {
			isa = XCBuildConfiguration;
			buildSettings = {
				ALWAYS_SEARCH_USER_PATHS = NO;
				ASSETCATALOG_COMPILER_GENERATE_SWIFT_ASSET_SYMBOL_EXTENSIONS = YES;
				CLANG_ANALYZER_NONNULL = YES;
				CLANG_ANALYZER_NUMBER_OBJECT_CONVERSION = YES_AGGRESSIVE;
				CLANG_CXX_LANGUAGE_STANDARD = "gnu++20";
				CLANG_ENABLE_MODULES = YES;
				CLANG_ENABLE_OBJC_ARC = YES;
				CLANG_ENABLE_OBJC_WEAK = YES;
				CLANG_WARN_BLOCK_CAPTURE_AUTORELEASING = YES;
				CLANG_WARN_BOOL_CONVERSION = YES;
				CLANG_WARN_COMMA = YES;
				CLANG_WARN_CONSTANT_CONVERSION = YES;
				CLANG_WARN_DEPRECATED_OBJC_IMPLEMENTATIONS = YES;
				CLANG_WARN_DIRECT_OBJC_ISA_USAGE = YES_ERROR;
				CLANG_WARN_DOCUMENTATION_COMMENTS = YES;
				CLANG_WARN_EMPTY_BODY = YES;
				CLANG_WARN_ENUM_CONVERSION = YES;
				CLANG_WARN_INFINITE_RECURSION = YES;
				CLANG_WARN_INT_CONVERSION = YES;
				CLANG_WARN_NON_LITERAL_NULL_CONVERSION = YES;
				CLANG_WARN_OBJC_IMPLICIT_RETAIN_SELF = YES;
				CLANG_WARN_OBJC_LITERAL_CONVERSION = YES;
				CLANG_WARN_OBJC_ROOT_CLASS = YES_ERROR;
				CLANG_WARN_QUOTED_INCLUDE_IN_FRAMEWORK_HEADER = YES;
				CLANG_WARN_RANGE_LOOP_ANALYSIS = YES;
				CLANG_WARN_STRICT_PROTOTYPES = YES;
				CLANG_WARN_SUSPICIOUS_MOVE = YES;
				CLANG_WARN_UNGUARDED_AVAILABILITY = YES_AGGRESSIVE;
				CLANG_WARN_UNREACHABLE_CODE = YES;
				CLANG_WARN__DUPLICATE_METHOD_MATCH = YES;
				COPY_PHASE_STRIP = NO;
				DEBUG_INFORMATION_FORMAT = "dwarf-with-dsym";
				ENABLE_NS_ASSERTIONS = NO;
				ENABLE_STRICT_OBJC_MSGSEND = YES;
				ENABLE_USER_SCRIPT_SANDBOXING = YES;
				GCC_C_LANGUAGE_STANDARD = gnu17;
				GCC_NO_COMMON_BLOCKS = YES;
				GCC_WARN_64_TO_32_BIT_CONVERSION = YES;
				GCC_WARN_ABOUT_RETURN_TYPE = YES_ERROR;
				GCC_WARN_UNDECLARED_SELECTOR = YES;
				GCC_WARN_UNINITIALIZED_AUTOS = YES_AGGRESSIVE;
				GCC_WARN_UNUSED_FUNCTION = YES;
				GCC_WARN_UNUSED_VARIABLE = YES;
				IPHONEOS_DEPLOYMENT_TARGET = 17.2;
				LOCALIZATION_PREFERS_STRING_CATALOGS = YES;
				MTL_ENABLE_DEBUG_INFO = NO;
				MTL_FAST_MATH = YES;
				SDKROOT = iphoneos;
				SWIFT_COMPILATION_MODE = wholemodule;
				VALIDATE_PRODUCT = YES;
			};
			name = Release;
		};
		614649242B7C704300DA894C /* Debug */ = {
			isa = XCBuildConfiguration;
			buildSettings = {
				ASSETCATALOG_COMPILER_APPICON_NAME = AppIcon;
				ASSETCATALOG_COMPILER_GLOBAL_ACCENT_COLOR_NAME = AccentColor;
				CODE_SIGN_STYLE = Automatic;
				CURRENT_PROJECT_VERSION = 1;
				DEVELOPMENT_TEAM = T2Q8P9627P;
				GENERATE_INFOPLIST_FILE = YES;
				INFOPLIST_FILE = IphoneReminder/Info.plist;
				INFOPLIST_KEY_UIApplicationSupportsIndirectInputEvents = YES;
				INFOPLIST_KEY_UILaunchStoryboardName = LaunchScreen;
				INFOPLIST_KEY_UIMainStoryboardFile = Main;
				INFOPLIST_KEY_UISupportedInterfaceOrientations_iPad = "UIInterfaceOrientationPortrait UIInterfaceOrientationPortraitUpsideDown UIInterfaceOrientationLandscapeLeft UIInterfaceOrientationLandscapeRight";
				INFOPLIST_KEY_UISupportedInterfaceOrientations_iPhone = "UIInterfaceOrientationPortrait UIInterfaceOrientationLandscapeLeft UIInterfaceOrientationLandscapeRight";
				LD_RUNPATH_SEARCH_PATHS = (
					"$(inherited)",
					"@executable_path/Frameworks",
				);
				MARKETING_VERSION = 1.0;
				PRODUCT_BUNDLE_IDENTIFIER = dev.yujin.IphoneReminder;
				PRODUCT_NAME = "$(TARGET_NAME)";
				SWIFT_EMIT_LOC_STRINGS = YES;
				SWIFT_VERSION = 5.0;
				TARGETED_DEVICE_FAMILY = "1,2";
			};
			name = Debug;
		};
		614649252B7C704300DA894C /* Release */ = {
			isa = XCBuildConfiguration;
			buildSettings = {
				ASSETCATALOG_COMPILER_APPICON_NAME = AppIcon;
				ASSETCATALOG_COMPILER_GLOBAL_ACCENT_COLOR_NAME = AccentColor;
				CODE_SIGN_STYLE = Automatic;
				CURRENT_PROJECT_VERSION = 1;
				DEVELOPMENT_TEAM = T2Q8P9627P;
				GENERATE_INFOPLIST_FILE = YES;
				INFOPLIST_FILE = IphoneReminder/Info.plist;
				INFOPLIST_KEY_UIApplicationSupportsIndirectInputEvents = YES;
				INFOPLIST_KEY_UILaunchStoryboardName = LaunchScreen;
				INFOPLIST_KEY_UIMainStoryboardFile = Main;
				INFOPLIST_KEY_UISupportedInterfaceOrientations_iPad = "UIInterfaceOrientationPortrait UIInterfaceOrientationPortraitUpsideDown UIInterfaceOrientationLandscapeLeft UIInterfaceOrientationLandscapeRight";
				INFOPLIST_KEY_UISupportedInterfaceOrientations_iPhone = "UIInterfaceOrientationPortrait UIInterfaceOrientationLandscapeLeft UIInterfaceOrientationLandscapeRight";
				LD_RUNPATH_SEARCH_PATHS = (
					"$(inherited)",
					"@executable_path/Frameworks",
				);
				MARKETING_VERSION = 1.0;
				PRODUCT_BUNDLE_IDENTIFIER = dev.yujin.IphoneReminder;
				PRODUCT_NAME = "$(TARGET_NAME)";
				SWIFT_EMIT_LOC_STRINGS = YES;
				SWIFT_VERSION = 5.0;
				TARGETED_DEVICE_FAMILY = "1,2";
			};
			name = Release;
		};
/* End XCBuildConfiguration section */

/* Begin XCConfigurationList section */
		6146490A2B7C704100DA894C /* Build configuration list for PBXProject "IphoneReminder" */ = {
			isa = XCConfigurationList;
			buildConfigurations = (
				614649212B7C704300DA894C /* Debug */,
				614649222B7C704300DA894C /* Release */,
			);
			defaultConfigurationIsVisible = 0;
			defaultConfigurationName = Release;
		};
		614649232B7C704300DA894C /* Build configuration list for PBXNativeTarget "IphoneReminder" */ = {
			isa = XCConfigurationList;
			buildConfigurations = (
				614649242B7C704300DA894C /* Debug */,
				614649252B7C704300DA894C /* Release */,
			);
			defaultConfigurationIsVisible = 0;
			defaultConfigurationName = Release;
		};
/* End XCConfigurationList section */

/* Begin XCRemoteSwiftPackageReference section */
		611AA7712B7D4A30005DAC3B /* XCRemoteSwiftPackageReference "SnapKit" */ = {
			isa = XCRemoteSwiftPackageReference;
			repositoryURL = "https://github.com/SnapKit/SnapKit";
			requirement = {
				kind = upToNextMajorVersion;
				minimumVersion = 5.7.0;
			};
		};
		611AA7A02B7DECEB005DAC3B /* XCRemoteSwiftPackageReference "realm-swift" */ = {
			isa = XCRemoteSwiftPackageReference;
			repositoryURL = "https://github.com/realm/realm-swift.git";
			requirement = {
				branch = master;
				kind = branch;
			};
		};
		611AA7CB2B83C490005DAC3B /* XCRemoteSwiftPackageReference "Kingfisher" */ = {
			isa = XCRemoteSwiftPackageReference;
			repositoryURL = "https://github.com/onevcat/Kingfisher";
			requirement = {
				kind = upToNextMajorVersion;
				minimumVersion = 7.11.0;
			};
		};
		611AA7D62B83C5A6005DAC3B /* XCRemoteSwiftPackageReference "Alamofire" */ = {
			isa = XCRemoteSwiftPackageReference;
			repositoryURL = "https://github.com/Alamofire/Alamofire";
			requirement = {
				kind = upToNextMajorVersion;
				minimumVersion = 5.8.1;
			};
		};
/* End XCRemoteSwiftPackageReference section */

/* Begin XCSwiftPackageProductDependency section */
		611AA7722B7D4A30005DAC3B /* SnapKit */ = {
			isa = XCSwiftPackageProductDependency;
			package = 611AA7712B7D4A30005DAC3B /* XCRemoteSwiftPackageReference "SnapKit" */;
			productName = SnapKit;
		};
		611AA7A12B7DECEB005DAC3B /* Realm */ = {
			isa = XCSwiftPackageProductDependency;
			package = 611AA7A02B7DECEB005DAC3B /* XCRemoteSwiftPackageReference "realm-swift" */;
			productName = Realm;
		};
		611AA7A32B7DECEB005DAC3B /* RealmSwift */ = {
			isa = XCSwiftPackageProductDependency;
			package = 611AA7A02B7DECEB005DAC3B /* XCRemoteSwiftPackageReference "realm-swift" */;
			productName = RealmSwift;
		};
		611AA7CC2B83C490005DAC3B /* Kingfisher */ = {
			isa = XCSwiftPackageProductDependency;
			package = 611AA7CB2B83C490005DAC3B /* XCRemoteSwiftPackageReference "Kingfisher" */;
			productName = Kingfisher;
		};
		611AA7D72B83C5A6005DAC3B /* Alamofire */ = {
			isa = XCSwiftPackageProductDependency;
			package = 611AA7D62B83C5A6005DAC3B /* XCRemoteSwiftPackageReference "Alamofire" */;
			productName = Alamofire;
		};
/* End XCSwiftPackageProductDependency section */
	};
	rootObject = 614649072B7C704100DA894C /* Project object */;
}
